// !$*UTF8*$!
{
	archiveVersion = 1;
	classes = {
	};
	objectVersion = 77;
	objects = {

/* Begin PBXContainerItemProxy section */
		FD255BCF2EB6CCE800FD43DF /* PBXContainerItemProxy */ = {
			isa = PBXContainerItemProxy;
			containerPortal = FD255BB22EB6CCE700FD43DF /* Project object */;
			proxyType = 1;
			remoteGlobalIDString = FD255BB92EB6CCE700FD43DF;
			remoteInfo = "AI Tasker";
		};
		FD255BD92EB6CCE800FD43DF /* PBXContainerItemProxy */ = {
			isa = PBXContainerItemProxy;
			containerPortal = FD255BB22EB6CCE700FD43DF /* Project object */;
			proxyType = 1;
			remoteGlobalIDString = FD255BB92EB6CCE700FD43DF;
			remoteInfo = "AI Tasker";
		};
/* End PBXContainerItemProxy section */

/* Begin PBXFileReference section */
		FD255BBA2EB6CCE700FD43DF /* AI Tasker.app */ = {isa = PBXFileReference; explicitFileType = wrapper.application; includeInIndex = 0; path = "AI Tasker.app"; sourceTree = BUILT_PRODUCTS_DIR; };
		FD255BCE2EB6CCE800FD43DF /* AI TaskerTests.xctest */ = {isa = PBXFileReference; explicitFileType = wrapper.cfbundle; includeInIndex = 0; path = "AI TaskerTests.xctest"; sourceTree = BUILT_PRODUCTS_DIR; };
		FD255BD82EB6CCE800FD43DF /* AI TaskerUITests.xctest */ = {isa = PBXFileReference; explicitFileType = wrapper.cfbundle; includeInIndex = 0; path = "AI TaskerUITests.xctest"; sourceTree = BUILT_PRODUCTS_DIR; };
/* End PBXFileReference section */

/* Begin PBXFileSystemSynchronizedBuildFileExceptionSet section */
		FD255BE02EB6CCE800FD43DF /* Exceptions for "AI Tasker" folder in "AI Tasker" target */ = {
			isa = PBXFileSystemSynchronizedBuildFileExceptionSet;
			membershipExceptions = (
				Info.plist,
			);
			target = FD255BB92EB6CCE700FD43DF /* AI Tasker */;
		};
/* End PBXFileSystemSynchronizedBuildFileExceptionSet section */

/* Begin PBXFileSystemSynchronizedRootGroup section */
		FD255BBC2EB6CCE700FD43DF /* AI Tasker */ = {
			isa = PBXFileSystemSynchronizedRootGroup;
			exceptions = (
				FD255BE02EB6CCE800FD43DF /* Exceptions for "AI Tasker" folder in "AI Tasker" target */,
			);
			path = "AI Tasker";
			sourceTree = "<group>";
		};
		FD255BD12EB6CCE800FD43DF /* AI TaskerTests */ = {
			isa = PBXFileSystemSynchronizedRootGroup;
			path = "AI TaskerTests";
			sourceTree = "<group>";
		};
		FD255BDB2EB6CCE800FD43DF /* AI TaskerUITests */ = {
			isa = PBXFileSystemSynchronizedRootGroup;
			path = "AI TaskerUITests";
			sourceTree = "<group>";
		};
/* End PBXFileSystemSynchronizedRootGroup section */

/* Begin PBXFrameworksBuildPhase section */
		FD255BB72EB6CCE700FD43DF /* Frameworks */ = {
			isa = PBXFrameworksBuildPhase;
			buildActionMask = 2147483647;
			files = (
			);
			runOnlyForDeploymentPostprocessing = 0;
		};
		FD255BCB2EB6CCE800FD43DF /* Frameworks */ = {
			isa = PBXFrameworksBuildPhase;
			buildActionMask = 2147483647;
			files = (
			);
			runOnlyForDeploymentPostprocessing = 0;
		};
		FD255BD52EB6CCE800FD43DF /* Frameworks */ = {
			isa = PBXFrameworksBuildPhase;
			buildActionMask = 2147483647;
			files = (
			);
			runOnlyForDeploymentPostprocessing = 0;
		};
/* End PBXFrameworksBuildPhase section */

/* Begin PBXGroup section */
		FD255BB12EB6CCE700FD43DF = {
			isa = PBXGroup;
			children = (
				FD255BBC2EB6CCE700FD43DF /* AI Tasker */,
				FD255BD12EB6CCE800FD43DF /* AI TaskerTests */,
				FD255BDB2EB6CCE800FD43DF /* AI TaskerUITests */,
				FD255BBB2EB6CCE700FD43DF /* Products */,
			);
			sourceTree = "<group>";
		};
		FD255BBB2EB6CCE700FD43DF /* Products */ = {
			isa = PBXGroup;
			children = (
				FD255BBA2EB6CCE700FD43DF /* AI Tasker.app */,
				FD255BCE2EB6CCE800FD43DF /* AI TaskerTests.xctest */,
				FD255BD82EB6CCE800FD43DF /* AI TaskerUITests.xctest */,
			);
			name = Products;
			sourceTree = "<group>";
		};
/* End PBXGroup section */

/* Begin PBXNativeTarget section */
		FD255BB92EB6CCE700FD43DF /* AI Tasker */ = {
			isa = PBXNativeTarget;
			buildConfigurationList = FD255BE12EB6CCE800FD43DF /* Build configuration list for PBXNativeTarget "AI Tasker" */;
			buildPhases = (
				FD255BB62EB6CCE700FD43DF /* Sources */,
				FD255BB72EB6CCE700FD43DF /* Frameworks */,
				FD255BB82EB6CCE700FD43DF /* Resources */,
			);
			buildRules = (
			);
			dependencies = (
			);
			fileSystemSynchronizedGroups = (
				FD255BBC2EB6CCE700FD43DF /* AI Tasker */,
			);
			name = "AI Tasker";
			packageProductDependencies = (
			);
			productName = "AI Tasker";
			productReference = FD255BBA2EB6CCE700FD43DF /* AI Tasker.app */;
			productType = "com.apple.product-type.application";
		};
		FD255BCD2EB6CCE800FD43DF /* AI TaskerTests */ = {
			isa = PBXNativeTarget;
			buildConfigurationList = FD255BE62EB6CCE800FD43DF /* Build configuration list for PBXNativeTarget "AI TaskerTests" */;
			buildPhases = (
				FD255BCA2EB6CCE800FD43DF /* Sources */,
				FD255BCB2EB6CCE800FD43DF /* Frameworks */,
				FD255BCC2EB6CCE800FD43DF /* Resources */,
			);
			buildRules = (
			);
			dependencies = (
				FD255BD02EB6CCE800FD43DF /* PBXTargetDependency */,
			);
			fileSystemSynchronizedGroups = (
				FD255BD12EB6CCE800FD43DF /* AI TaskerTests */,
			);
			name = "AI TaskerTests";
			packageProductDependencies = (
			);
			productName = "AI TaskerTests";
			productReference = FD255BCE2EB6CCE800FD43DF /* AI TaskerTests.xctest */;
			productType = "com.apple.product-type.bundle.unit-test";
		};
		FD255BD72EB6CCE800FD43DF /* AI TaskerUITests */ = {
			isa = PBXNativeTarget;
			buildConfigurationList = FD255BE92EB6CCE800FD43DF /* Build configuration list for PBXNativeTarget "AI TaskerUITests" */;
			buildPhases = (
				FD255BD42EB6CCE800FD43DF /* Sources */,
				FD255BD52EB6CCE800FD43DF /* Frameworks */,
				FD255BD62EB6CCE800FD43DF /* Resources */,
			);
			buildRules = (
			);
			dependencies = (
				FD255BDA2EB6CCE800FD43DF /* PBXTargetDependency */,
			);
			fileSystemSynchronizedGroups = (
				FD255BDB2EB6CCE800FD43DF /* AI TaskerUITests */,
			);
			name = "AI TaskerUITests";
			packageProductDependencies = (
			);
			productName = "AI TaskerUITests";
			productReference = FD255BD82EB6CCE800FD43DF /* AI TaskerUITests.xctest */;
			productType = "com.apple.product-type.bundle.ui-testing";
		};
/* End PBXNativeTarget section */

/* Begin PBXProject section */
		FD255BB22EB6CCE700FD43DF /* Project object */ = {
			isa = PBXProject;
			attributes = {
				BuildIndependentTargetsInParallel = 1;
				LastSwiftUpdateCheck = 2600;
				LastUpgradeCheck = 2600;
				TargetAttributes = {
					FD255BB92EB6CCE700FD43DF = {
						CreatedOnToolsVersion = 26.0.1;
					};
					FD255BCD2EB6CCE800FD43DF = {
						CreatedOnToolsVersion = 26.0.1;
						TestTargetID = FD255BB92EB6CCE700FD43DF;
					};
					FD255BD72EB6CCE800FD43DF = {
						CreatedOnToolsVersion = 26.0.1;
						TestTargetID = FD255BB92EB6CCE700FD43DF;
					};
				};
			};
			buildConfigurationList = FD255BB52EB6CCE700FD43DF /* Build configuration list for PBXProject "AI Tasker" */;
			developmentRegion = en;
			hasScannedForEncodings = 0;
			knownRegions = (
				en,
				Base,
			);
			mainGroup = FD255BB12EB6CCE700FD43DF;
			minimizedProjectReferenceProxies = 1;
			preferredProjectObjectVersion = 77;
			productRefGroup = FD255BBB2EB6CCE700FD43DF /* Products */;
			projectDirPath = "";
			projectRoot = "";
			targets = (
				FD255BB92EB6CCE700FD43DF /* AI Tasker */,
				FD255BCD2EB6CCE800FD43DF /* AI TaskerTests */,
				FD255BD72EB6CCE800FD43DF /* AI TaskerUITests */,
			);
		};
/* End PBXProject section */

/* Begin PBXResourcesBuildPhase section */
		FD255BB82EB6CCE700FD43DF /* Resources */ = {
			isa = PBXResourcesBuildPhase;
			buildActionMask = 2147483647;
			files = (
			);
			runOnlyForDeploymentPostprocessing = 0;
		};
		FD255BCC2EB6CCE800FD43DF /* Resources */ = {
			isa = PBXResourcesBuildPhase;
			buildActionMask = 2147483647;
			files = (
			);
			runOnlyForDeploymentPostprocessing = 0;
		};
		FD255BD62EB6CCE800FD43DF /* Resources */ = {
			isa = PBXResourcesBuildPhase;
			buildActionMask = 2147483647;
			files = (
			);
			runOnlyForDeploymentPostprocessing = 0;
		};
/* End PBXResourcesBuildPhase section */

/* Begin PBXSourcesBuildPhase section */
		FD255BB62EB6CCE700FD43DF /* Sources */ = {
			isa = PBXSourcesBuildPhase;
			buildActionMask = 2147483647;
			files = (
			);
			runOnlyForDeploymentPostprocessing = 0;
		};
		FD255BCA2EB6CCE800FD43DF /* Sources */ = {
			isa = PBXSourcesBuildPhase;
			buildActionMask = 2147483647;
			files = (
			);
			runOnlyForDeploymentPostprocessing = 0;
		};
		FD255BD42EB6CCE800FD43DF /* Sources */ = {
			isa = PBXSourcesBuildPhase;
			buildActionMask = 2147483647;
			files = (
			);
			runOnlyForDeploymentPostprocessing = 0;
		};
/* End PBXSourcesBuildPhase section */

/* Begin PBXTargetDependency section */
		FD255BD02EB6CCE800FD43DF /* PBXTargetDependency */ = {
			isa = PBXTargetDependency;
			target = FD255BB92EB6CCE700FD43DF /* AI Tasker */;
			targetProxy = FD255BCF2EB6CCE800FD43DF /* PBXContainerItemProxy */;
		};
		FD255BDA2EB6CCE800FD43DF /* PBXTargetDependency */ = {
			isa = PBXTargetDependency;
			target = FD255BB92EB6CCE700FD43DF /* AI Tasker */;
			targetProxy = FD255BD92EB6CCE800FD43DF /* PBXContainerItemProxy */;
		};
/* End PBXTargetDependency section */

/* Begin XCBuildConfiguration section */
		FD255BE22EB6CCE800FD43DF /* Debug */ = {
			isa = XCBuildConfiguration;
			buildSettings = {
				ASSETCATALOG_COMPILER_APPICON_NAME = AppIcon;
				ASSETCATALOG_COMPILER_GLOBAL_ACCENT_COLOR_NAME = AccentColor;
				CODE_SIGN_ENTITLEMENTS = "AI Tasker/AI_Tasker.entitlements";
				CODE_SIGN_STYLE = Automatic;
				CURRENT_PROJECT_VERSION = 1;
				DEVELOPMENT_TEAM = M7KXVX37Y7;
				ENABLE_PREVIEWS = YES;
				GENERATE_INFOPLIST_FILE = YES;
				INFOPLIST_FILE = "AI Tasker/Info.plist";
				INFOPLIST_KEY_NSMicrophoneUsageDescription = "Promptodo needs access to your microphone to record voice prompts.";
				INFOPLIST_KEY_NSSpeechRecognitionUsageDescription = "Promptodo uses speech recognition to transcribe your voice input.";
				INFOPLIST_KEY_UIApplicationSceneManifest_Generation = YES;
				INFOPLIST_KEY_UIApplicationSupportsIndirectInputEvents = YES;
				INFOPLIST_KEY_UILaunchScreen_Generation = YES;
				INFOPLIST_KEY_UISupportedInterfaceOrientations_iPad = "UIInterfaceOrientationPortrait UIInterfaceOrientationPortraitUpsideDown UIInterfaceOrientationLandscapeLeft UIInterfaceOrientationLandscapeRight";
				INFOPLIST_KEY_UISupportedInterfaceOrientations_iPhone = "UIInterfaceOrientationPortrait UIInterfaceOrientationLandscapeLeft UIInterfaceOrientationLandscapeRight";
				LD_RUNPATH_SEARCH_PATHS = (
					"$(inherited)",
					"@executable_path/Frameworks",
				);
				MARKETING_VERSION = 1.0;
				PRODUCT_BUNDLE_IDENTIFIER = markdias.AI.Tasker;
				PRODUCT_NAME = "$(TARGET_NAME)";
				STRING_CATALOG_GENERATE_SYMBOLS = YES;
				SWIFT_APPROACHABLE_CONCURRENCY = YES;
				SWIFT_DEFAULT_ACTOR_ISOLATION = MainActor;
				SWIFT_EMIT_LOC_STRINGS = YES;
				SWIFT_UPCOMING_FEATURE_MEMBER_IMPORT_VISIBILITY = YES;
				SWIFT_VERSION = 5.0;
				TARGETED_DEVICE_FAMILY = "1,2";
			};
			name = Debug;
		};
		FD255BE32EB6CCE800FD43DF /* Release */ = {
			isa = XCBuildConfiguration;
			buildSettings = {
				ASSETCATALOG_COMPILER_APPICON_NAME = AppIcon;
				ASSETCATALOG_COMPILER_GLOBAL_ACCENT_COLOR_NAME = AccentColor;
				CODE_SIGN_ENTITLEMENTS = "AI Tasker/AI_Tasker.entitlements";
				CODE_SIGN_STYLE = Automatic;
				CURRENT_PROJECT_VERSION = 1;
				DEVELOPMENT_TEAM = M7KXVX37Y7;
				ENABLE_PREVIEWS = YES;
				GENERATE_INFOPLIST_FILE = YES;
				INFOPLIST_FILE = "AI Tasker/Info.plist";
				INFOPLIST_KEY_NSMicrophoneUsageDescription = "Promptodo needs access to your microphone to record voice prompts.";
				INFOPLIST_KEY_NSSpeechRecognitionUsageDescription = "Promptodo uses speech recognition to transcribe your voice input.";
				INFOPLIST_KEY_UIApplicationSceneManifest_Generation = YES;
				INFOPLIST_KEY_UIApplicationSupportsIndirectInputEvents = YES;
				INFOPLIST_KEY_UILaunchScreen_Generation = YES;
				INFOPLIST_KEY_UISupportedInterfaceOrientations_iPad = "UIInterfaceOrientationPortrait UIInterfaceOrientationPortraitUpsideDown UIInterfaceOrientationLandscapeLeft UIInterfaceOrientationLandscapeRight";
				INFOPLIST_KEY_UISupportedInterfaceOrientations_iPhone = "UIInterfaceOrientationPortrait UIInterfaceOrientationLandscapeLeft UIInterfaceOrientationLandscapeRight";
				LD_RUNPATH_SEARCH_PATHS = (
					"$(inherited)",
					"@executable_path/Frameworks",
				);
				MARKETING_VERSION = 1.0;
				PRODUCT_BUNDLE_IDENTIFIER = markdias.AI.Tasker;
				PRODUCT_NAME = "$(TARGET_NAME)";
				STRING_CATALOG_GENERATE_SYMBOLS = YES;
				SWIFT_APPROACHABLE_CONCURRENCY = YES;
				SWIFT_DEFAULT_ACTOR_ISOLATION = MainActor;
				SWIFT_EMIT_LOC_STRINGS = YES;
				SWIFT_UPCOMING_FEATURE_MEMBER_IMPORT_VISIBILITY = YES;
				SWIFT_VERSION = 5.0;
				TARGETED_DEVICE_FAMILY = "1,2";
			};
			name = Release;
		};
		FD255BE42EB6CCE800FD43DF /* Debug */ = {
			isa = XCBuildConfiguration;
			buildSettings = {
				ALWAYS_SEARCH_USER_PATHS = NO;
				ASSETCATALOG_COMPILER_GENERATE_SWIFT_ASSET_SYMBOL_EXTENSIONS = YES;
				CLANG_ANALYZER_NONNULL = YES;
				CLANG_ANALYZER_NUMBER_OBJECT_CONVERSION = YES_AGGRESSIVE;
				CLANG_CXX_LANGUAGE_STANDARD = "gnu++20";
				CLANG_ENABLE_MODULES = YES;
				CLANG_ENABLE_OBJC_ARC = YES;
				CLANG_ENABLE_OBJC_WEAK = YES;
				CLANG_WARN_BLOCK_CAPTURE_AUTORELEASING = YES;
				CLANG_WARN_BOOL_CONVERSION = YES;
				CLANG_WARN_COMMA = YES;
				CLANG_WARN_CONSTANT_CONVERSION = YES;
				CLANG_WARN_DEPRECATED_OBJC_IMPLEMENTATIONS = YES;
				CLANG_WARN_DIRECT_OBJC_ISA_USAGE = YES_ERROR;
				CLANG_WARN_DOCUMENTATION_COMMENTS = YES;
				CLANG_WARN_EMPTY_BODY = YES;
				CLANG_WARN_ENUM_CONVERSION = YES;
				CLANG_WARN_INFINITE_RECURSION = YES;
				CLANG_WARN_INT_CONVERSION = YES;
				CLANG_WARN_NON_LITERAL_NULL_CONVERSION = YES;
				CLANG_WARN_OBJC_IMPLICIT_RETAIN_SELF = YES;
				CLANG_WARN_OBJC_LITERAL_CONVERSION = YES;
				CLANG_WARN_OBJC_ROOT_CLASS = YES_ERROR;
				CLANG_WARN_QUOTED_INCLUDE_IN_FRAMEWORK_HEADER = YES;
				CLANG_WARN_RANGE_LOOP_ANALYSIS = YES;
				CLANG_WARN_STRICT_PROTOTYPES = YES;
				CLANG_WARN_SUSPICIOUS_MOVE = YES;
				CLANG_WARN_UNGUARDED_AVAILABILITY = YES_AGGRESSIVE;
				CLANG_WARN_UNREACHABLE_CODE = YES;
				CLANG_WARN__DUPLICATE_METHOD_MATCH = YES;
				COPY_PHASE_STRIP = NO;
				DEBUG_INFORMATION_FORMAT = dwarf;
				DEVELOPMENT_TEAM = M7KXVX37Y7;
				ENABLE_STRICT_OBJC_MSGSEND = YES;
				ENABLE_TESTABILITY = YES;
				ENABLE_USER_SCRIPT_SANDBOXING = YES;
				GCC_C_LANGUAGE_STANDARD = gnu17;
				GCC_DYNAMIC_NO_PIC = NO;
				GCC_NO_COMMON_BLOCKS = YES;
				GCC_OPTIMIZATION_LEVEL = 0;
				GCC_PREPROCESSOR_DEFINITIONS = (
					"DEBUG=1",
					"$(inherited)",
				);
				GCC_WARN_64_TO_32_BIT_CONVERSION = YES;
				GCC_WARN_ABOUT_RETURN_TYPE = YES_ERROR;
				GCC_WARN_UNDECLARED_SELECTOR = YES;
				GCC_WARN_UNINITIALIZED_AUTOS = YES_AGGRESSIVE;
				GCC_WARN_UNUSED_FUNCTION = YES;
				GCC_WARN_UNUSED_VARIABLE = YES;
				IPHONEOS_DEPLOYMENT_TARGET = 26.0;
				LOCALIZATION_PREFERS_STRING_CATALOGS = YES;
				MTL_ENABLE_DEBUG_INFO = INCLUDE_SOURCE;
				MTL_FAST_MATH = YES;
				ONLY_ACTIVE_ARCH = YES;
				SDKROOT = iphoneos;
				SWIFT_ACTIVE_COMPILATION_CONDITIONS = "DEBUG $(inherited)";
				SWIFT_OPTIMIZATION_LEVEL = "-Onone";
			};
			name = Debug;
		};
		FD255BE52EB6CCE800FD43DF /* Release */ = {
			isa = XCBuildConfiguration;
			buildSettings = {
				ALWAYS_SEARCH_USER_PATHS = NO;
				ASSETCATALOG_COMPILER_GENERATE_SWIFT_ASSET_SYMBOL_EXTENSIONS = YES;
				CLANG_ANALYZER_NONNULL = YES;
				CLANG_ANALYZER_NUMBER_OBJECT_CONVERSION = YES_AGGRESSIVE;
				CLANG_CXX_LANGUAGE_STANDARD = "gnu++20";
				CLANG_ENABLE_MODULES = YES;
				CLANG_ENABLE_OBJC_ARC = YES;
				CLANG_ENABLE_OBJC_WEAK = YES;
				CLANG_WARN_BLOCK_CAPTURE_AUTORELEASING = YES;
				CLANG_WARN_BOOL_CONVERSION = YES;
				CLANG_WARN_COMMA = YES;
				CLANG_WARN_CONSTANT_CONVERSION = YES;
				CLANG_WARN_DEPRECATED_OBJC_IMPLEMENTATIONS = YES;
				CLANG_WARN_DIRECT_OBJC_ISA_USAGE = YES_ERROR;
				CLANG_WARN_DOCUMENTATION_COMMENTS = YES;
				CLANG_WARN_EMPTY_BODY = YES;
				CLANG_WARN_ENUM_CONVERSION = YES;
				CLANG_WARN_INFINITE_RECURSION = YES;
				CLANG_WARN_INT_CONVERSION = YES;
				CLANG_WARN_NON_LITERAL_NULL_CONVERSION = YES;
				CLANG_WARN_OBJC_IMPLICIT_RETAIN_SELF = YES;
				CLANG_WARN_OBJC_LITERAL_CONVERSION = YES;
				CLANG_WARN_OBJC_ROOT_CLASS = YES_ERROR;
				CLANG_WARN_QUOTED_INCLUDE_IN_FRAMEWORK_HEADER = YES;
				CLANG_WARN_RANGE_LOOP_ANALYSIS = YES;
				CLANG_WARN_STRICT_PROTOTYPES = YES;
				CLANG_WARN_SUSPICIOUS_MOVE = YES;
				CLANG_WARN_UNGUARDED_AVAILABILITY = YES_AGGRESSIVE;
				CLANG_WARN_UNREACHABLE_CODE = YES;
				CLANG_WARN__DUPLICATE_METHOD_MATCH = YES;
				COPY_PHASE_STRIP = NO;
				DEBUG_INFORMATION_FORMAT = "dwarf-with-dsym";
				DEVELOPMENT_TEAM = M7KXVX37Y7;
				ENABLE_NS_ASSERTIONS = NO;
				ENABLE_STRICT_OBJC_MSGSEND = YES;
				ENABLE_USER_SCRIPT_SANDBOXING = YES;
				GCC_C_LANGUAGE_STANDARD = gnu17;
				GCC_NO_COMMON_BLOCKS = YES;
				GCC_WARN_64_TO_32_BIT_CONVERSION = YES;
				GCC_WARN_ABOUT_RETURN_TYPE = YES_ERROR;
				GCC_WARN_UNDECLARED_SELECTOR = YES;
				GCC_WARN_UNINITIALIZED_AUTOS = YES_AGGRESSIVE;
				GCC_WARN_UNUSED_FUNCTION = YES;
				GCC_WARN_UNUSED_VARIABLE = YES;
				IPHONEOS_DEPLOYMENT_TARGET = 26.0;
				LOCALIZATION_PREFERS_STRING_CATALOGS = YES;
				MTL_ENABLE_DEBUG_INFO = NO;
				MTL_FAST_MATH = YES;
				SDKROOT = iphoneos;
				SWIFT_COMPILATION_MODE = wholemodule;
				VALIDATE_PRODUCT = YES;
			};
			name = Release;
		};
		FD255BE72EB6CCE800FD43DF /* Debug */ = {
			isa = XCBuildConfiguration;
			buildSettings = {
				BUNDLE_LOADER = "$(TEST_HOST)";
				CODE_SIGN_STYLE = Automatic;
				CURRENT_PROJECT_VERSION = 1;
				DEVELOPMENT_TEAM = M7KXVX37Y7;
				GENERATE_INFOPLIST_FILE = YES;
				IPHONEOS_DEPLOYMENT_TARGET = 26.0;
				MARKETING_VERSION = 1.0;
				PRODUCT_BUNDLE_IDENTIFIER = "markdias.AI-TaskerTests";
				PRODUCT_NAME = "$(TARGET_NAME)";
				STRING_CATALOG_GENERATE_SYMBOLS = NO;
				SWIFT_APPROACHABLE_CONCURRENCY = YES;
				SWIFT_EMIT_LOC_STRINGS = NO;
				SWIFT_UPCOMING_FEATURE_MEMBER_IMPORT_VISIBILITY = YES;
				SWIFT_VERSION = 5.0;
				TARGETED_DEVICE_FAMILY = "1,2";
				TEST_HOST = "$(BUILT_PRODUCTS_DIR)/AI Tasker.app/$(BUNDLE_EXECUTABLE_FOLDER_PATH)/AI Tasker";
			};
			name = Debug;
		};
		FD255BE82EB6CCE800FD43DF /* Release */ = {
			isa = XCBuildConfiguration;
			buildSettings = {
				BUNDLE_LOADER = "$(TEST_HOST)";
				CODE_SIGN_STYLE = Automatic;
				CURRENT_PROJECT_VERSION = 1;
				DEVELOPMENT_TEAM = M7KXVX37Y7;
				GENERATE_INFOPLIST_FILE = YES;
				IPHONEOS_DEPLOYMENT_TARGET = 26.0;
				MARKETING_VERSION = 1.0;
				PRODUCT_BUNDLE_IDENTIFIER = "markdias.AI-TaskerTests";
				PRODUCT_NAME = "$(TARGET_NAME)";
				STRING_CATALOG_GENERATE_SYMBOLS = NO;
				SWIFT_APPROACHABLE_CONCURRENCY = YES;
				SWIFT_EMIT_LOC_STRINGS = NO;
				SWIFT_UPCOMING_FEATURE_MEMBER_IMPORT_VISIBILITY = YES;
				SWIFT_VERSION = 5.0;
				TARGETED_DEVICE_FAMILY = "1,2";
				TEST_HOST = "$(BUILT_PRODUCTS_DIR)/AI Tasker.app/$(BUNDLE_EXECUTABLE_FOLDER_PATH)/AI Tasker";
			};
			name = Release;
		};
		FD255BEA2EB6CCE800FD43DF /* Debug */ = {
			isa = XCBuildConfiguration;
			buildSettings = {
				CODE_SIGN_STYLE = Automatic;
				CURRENT_PROJECT_VERSION = 1;
				DEVELOPMENT_TEAM = M7KXVX37Y7;
				GENERATE_INFOPLIST_FILE = YES;
				MARKETING_VERSION = 1.0;
				PRODUCT_BUNDLE_IDENTIFIER = "markdias.AI-TaskerUITests";
				PRODUCT_NAME = "$(TARGET_NAME)";
				STRING_CATALOG_GENERATE_SYMBOLS = NO;
				SWIFT_APPROACHABLE_CONCURRENCY = YES;
				SWIFT_EMIT_LOC_STRINGS = NO;
				SWIFT_UPCOMING_FEATURE_MEMBER_IMPORT_VISIBILITY = YES;
				SWIFT_VERSION = 5.0;
				TARGETED_DEVICE_FAMILY = "1,2";
				TEST_TARGET_NAME = "AI Tasker";
			};
			name = Debug;
		};
		FD255BEB2EB6CCE800FD43DF /* Release */ = {
			isa = XCBuildConfiguration;
			buildSettings = {
				CODE_SIGN_STYLE = Automatic;
				CURRENT_PROJECT_VERSION = 1;
				DEVELOPMENT_TEAM = M7KXVX37Y7;
				GENERATE_INFOPLIST_FILE = YES;
				MARKETING_VERSION = 1.0;
				PRODUCT_BUNDLE_IDENTIFIER = "markdias.AI-TaskerUITests";
				PRODUCT_NAME = "$(TARGET_NAME)";
				STRING_CATALOG_GENERATE_SYMBOLS = NO;
				SWIFT_APPROACHABLE_CONCURRENCY = YES;
				SWIFT_EMIT_LOC_STRINGS = NO;
				SWIFT_UPCOMING_FEATURE_MEMBER_IMPORT_VISIBILITY = YES;
				SWIFT_VERSION = 5.0;
				TARGETED_DEVICE_FAMILY = "1,2";
				TEST_TARGET_NAME = "AI Tasker";
			};
			name = Release;
		};
/* End XCBuildConfiguration section */

/* Begin XCConfigurationList section */
		FD255BB52EB6CCE700FD43DF /* Build configuration list for PBXProject "AI Tasker" */ = {
			isa = XCConfigurationList;
			buildConfigurations = (
				FD255BE42EB6CCE800FD43DF /* Debug */,
				FD255BE52EB6CCE800FD43DF /* Release */,
			);
			defaultConfigurationIsVisible = 0;
			defaultConfigurationName = Release;
		};
		FD255BE12EB6CCE800FD43DF /* Build configuration list for PBXNativeTarget "AI Tasker" */ = {
			isa = XCConfigurationList;
			buildConfigurations = (
				FD255BE22EB6CCE800FD43DF /* Debug */,
				FD255BE32EB6CCE800FD43DF /* Release */,
			);
			defaultConfigurationIsVisible = 0;
			defaultConfigurationName = Release;
		};
		FD255BE62EB6CCE800FD43DF /* Build configuration list for PBXNativeTarget "AI TaskerTests" */ = {
			isa = XCConfigurationList;
			buildConfigurations = (
				FD255BE72EB6CCE800FD43DF /* Debug */,
				FD255BE82EB6CCE800FD43DF /* Release */,
			);
			defaultConfigurationIsVisible = 0;
			defaultConfigurationName = Release;
		};
		FD255BE92EB6CCE800FD43DF /* Build configuration list for PBXNativeTarget "AI TaskerUITests" */ = {
			isa = XCConfigurationList;
			buildConfigurations = (
				FD255BEA2EB6CCE800FD43DF /* Debug */,
				FD255BEB2EB6CCE800FD43DF /* Release */,
			);
			defaultConfigurationIsVisible = 0;
			defaultConfigurationName = Release;
		};
/* End XCConfigurationList section */
	};
	rootObject = FD255BB22EB6CCE700FD43DF /* Project object */;
}
